
Microsoft Visual Studio Solution File, Format Version 12.00
# Visual Studio Version 16
VisualStudioVersion = 16.0.30114.105
MinimumVisualStudioVersion = 10.0.40219.1
Project("{FAE04EC0-301F-11D3-BF4B-00C04F79EFBC}") = "Stefanini.DotnetFilms", "Stefanini.DotnetFilms\Stefanini.DotnetFilms.csproj", "{A792977C-FE82-4573-B38F-3C419D836D84}"
EndProject
Global
	GlobalSection(SolutionConfigurationPlatforms) = preSolution
		Debug|Any CPU = Debug|Any CPU
		Release|Any CPU = Release|Any CPU
	EndGlobalSection
	GlobalSection(ProjectConfigurationPlatforms) = postSolution
		{A792977C-FE82-4573-B38F-3C419D836D84}.Debug|Any CPU.ActiveCfg = Debug|Any CPU
		{A792977C-FE82-4573-B38F-3C419D836D84}.Debug|Any CPU.Build.0 = Debug|Any CPU
		{A792977C-FE82-4573-B38F-3C419D836D84}.Release|Any CPU.ActiveCfg = Release|Any CPU
		{A792977C-FE82-4573-B38F-3C419D836D84}.Release|Any CPU.Build.0 = Release|Any CPU
	EndGlobalSection
	GlobalSection(SolutionProperties) = preSolution
		HideSolutionNode = FALSE
	EndGlobalSection
	GlobalSection(ExtensibilityGlobals) = postSolution
		SolutionGuid = {E4E4A1F0-0312-4BB6-8CB9-38C109553FE8}
	EndGlobalSection
EndGlobal
